U2FsdGVkX19drf6hUPME2tjCSqYoPVTvwDBYt2S3hhdB7FCrUVJdQUcH/rqZFxj8ru9WQzVwzfCk0D2uCp/L9bGGxQw5vqtql7Be2kBfKHU8qdBu/zhr9BACUQ5U8tTDemGmlHv7yXBpX2tfrz2G92YDGBH3XZpnP3OZ5rE0lxtbc4+SQgxhpRK0+WxCZYkyK4D1HBp4EVlIJWFKvuQ+DSc4q+xB1dWwjYD2l/bbl1u0gC1EFkIlJP8jY/M3KqjiWtwjQv34y67ZT06mCLcCClZf1xY0PUGLO8rAaVJ9noIiEp7kmPVDoJpAhUCw2HcnCnJNw7n1qHIcaK+Toyd1JbUn7Wr5wU229BvsmOihqQe9rnrxP9zll2mqbkDDVoG5B6d4zVbSOv5v72CiWgOc2kR+y12i6BQrEuZBkYQE+ClSU0PumW9G8mkk06XrL864MyUqsx2YHPXPkf7vfm6uenKU9y1+inI+zAkulv7t2wirSM8DVyUaazE9fMBicegjDIHgF/ITK97PFg9h20ZHBd/LuXB7B+BYpd0fkPkMIj+bAncF6ofLB3Jpeq9ixIX9qetuaUWq+khclLQvbuepPE8QreXAwTD15U2s2109SGb1mU9X2hN55toDIQPitkBHFb9Qhoa7j5AC3877ifpqx9awf3qaH9SEEmVZakAQcoLQTlNvYH+aPPms9s2nz4d0KTtOai/45/DlNYbjPXdG0PV5jfRF2eQHi2C+nhdR37wCwN6T4H/grD5LRQ+qCuTFCAZn5/3qYOgQQ8G0SFwj0joHLLKwdGzHLmbyZuONSfmguo6BuiosPDMEBUxAiy+pGqdr8dqnYiL5Obairecdn3JFLcCdRaGXwjJMPAue/7LxC3nnklkOyZxHlo7jGSxQc0NK30C78pT++DIgKcJzxRLd+79zz9ziu+jTHW8/4rtyjwFWYR9hXH7xFkWK3LOCBI4SIue7+XdTP4ldC75EwRfWZJgzHCmOCkgcT2slPh39blOBb1cT7MzLR8ypQdERdMj17ZUEibbtkbM7Kt4otZlxF+rBwErmGUFcGz2Cg1kSfeCpVbKYerZ6oZpLQ4Yu93Bp2eKrVZIuFD9Pig4xcGJRAY7zexuctNdiEAX7jaGVpRtlDibcdgaciDTvlQKzGX8k7psJEInNiFOy7RSpsIk8LdsO5QTa+AaJ4dFundpZOLTYhm31K9ISgg70RVvPADQax9nEXZdxNae8zaYP4U/TUH2qZND03NaY75+aht0+nQ3hfkHQMPkBW2lbw5KjU6QSWC7+N3o6vuM5nd8Gqjqa5ZdqJ9xkWOPOxQ4vjfet+WjRJPTTF1FvyHUPtH5FbL0aRpeN3IIBpCJNaN0P2UBVoBf2e11rd/C+PX8JV2C+TwGjHrcsWHECylai35DV1HqqIoh3/9RYriAZLxH7dq4GRzr/CVXorQjnFWGQK6j86VfCOhmAWuaCXvtZEIZOR6vkIFfrmsmTYgxueZJ37ZyIdbqBeJsApBD5mbCzJXCdlU+JCg9tVr/s8HSAbAs3P9Ns/p1/jAnkdmNp5dw5+NNTO8egaoWT5BgmUXOLE2lT9s1936itawhoCLdFbeczUvu5q2OFvjsMhCO0FNa+YSfRGd2ieZ/K27eEyLEZ1xaAyKaSkWRd6IcyEvwh1D5Kq10GgJ1c4rPnYpE4R+FcDcYRcuplkTap7Gr2rdVIiCL/f5DWOhj73kuhwrVZFTRrMHjbyZHQSvzYlgCEz+D2tVjbA+pIK5SvmhiPCKpD6nlyG5UYSLDQ86zSG+K6eq/0VgISm3fPs9KpF/EIY1H90fVtiSHYVau/H9yjw9D9NpmazIDe+MBuCiojl17epTOggO5WnJMZpYToqN16DIqw2nrcB372Uonpegp0T1pBYSLGTNWdAMztHk6+JS5yD5pO8L8RU1ofLTcEV6j4azeKfxxr8Pdbham1pvkskXNe3BbTBTehu3fsezk2AVmKF9CubuSyxDiC21VYfV/9tEfHZBAGc7fEiwItRfoD/o9Ls0dTbZJovSd1scUh+CzmXY2gH0vZpNKwgC2C/a3EOxcflf4ungpwXqQ0pzN2mF36G+yqKOHAt783wLdB7GIL1ydKgNWT2rhtkAYYnxz6e0wroPEv2ygRGyzKLC/VdQ830g9C1SKcZrD4IW5TS6bTY4FaOPWL1WY2sIVKgoVqNCxv2j20Ucqc7RjPoQo4QYuTUOwvpeuPyfF3F0tebKlTBSDbOBWuOsc3O2ZZH/2Csh7OOZgDwor+42/LGXtqQ1crnas1yodyyLagva35/gTc78GaHoRzoyap8/UomaQS/gkZlAmHnqYUVMPwpLl/ypkbcvuenx2z8FjtEQAPUPC6DifvHuW+m+ag2g3FI6BYhDEYVZAypBP+RyoAXxduN1lvDYfomeS6v7CFWeRYTkGSW7sGF+E+VMM3Yfym2QXfOX5jPCMSGgp6oh0kk66v8c6REr0rfq3jVFDiQr3F8qEeWtZdxafjord99Yb88R6spIr1x0w3cY7SzdpSt++bYZpDVVVZYHwrKHU7gpceeRowsdMnGu7UWSLhv/1AFBb0dTRU03NS5pYM9gcentypP/g5jGKHHZ9s03/pmdiYCRPpQppDdfuSGrlg6+KQ9VdI9daVbzgASzHbfyiYLoLcoeRhS0s24ZYfmHmIjVUGqYn1uJ//tbArfhMzoNV68sS2jSXMej/RADPyVUTwmw0U8n3dADxEIo0sLJQcqziARh/ExcbopjwwL8Dpcws0W4Vmg1W0sivUqFuutypyAmmrtSFlD+FyUwmHg+9HSNhTz96k488tTadHLKoy1F6dAwomwb/EbQsJ3Zzlvxvt8ulZs9XW2OSBRV5NGViyKtdidX0aVdqgSqky3emaGzuaAnhP/Ztx+YX7h4lZHRBaaVTKAgQOtp6yAwFB2MqTROrkZJ3rNhUEDBPgqJznbMPTtdIUyc4NTIqF2VWaFKbEHuZ1qUKn1NtzVZFiS2FupefgahJD6fMjnJcrDJN3vo+3ButGvxz0FLsggqBmZgWWzV2/Bo1q6BooMi6aHzhP1qhMt8ebn3Xyu9NOJZpqvr9wiUiYur8Vlutl6oB8Kzf45NjGCpfDixT0lR4O8rS3lEYiGXWlEVf0V0xlgrvBulNJRIollArq+cyLoAmofttyGQFgsaZhbT5tPcXOyUB1bjzs2OzjoCjC3sx/3x9jOvVEOkerQOE21veVvFTw/lQAf+jCQ54WlqLpQk+ymcWR7eDPBIZom0zfz1GN5YYHaHDZoGV24N6J7KhEWDTwv92p5uMdDF6sSkOvkiKUYu/8Oe7K8aCZakSe39uXcRbpUMGHteNsRoxViatdkPkBPN9te/0tc6fTQyAi0qnEGk9lwJXA+mPF+ztahpnNAoPGrnrWngPxt2l3Iq4UZx3Q/X7TBMQuf5k1jA7HueEFDE/Do8RsOsYcaTqmgM8Hhwf3woH4Ifp8ZEOr8kMzNA9uK08JJczxkdK/cgRq8j6u2PbY9Yo2FLZLNLLJ0t2tJtz60By22q6uYcaMn4Se2BjhsDEpsOOxQSBQU/dYp1f2A/rq9ibsEds23iiSi9geO8wTM8k83LXgE5C4yEThtWwsQnDanVMbf12vDqYhffF460LXP5r9BI/wBr8kGuXfplf26hutCi/ARSsaCIdEHWFOZca1windNYVHyvee7tAepChBt1K4xv3hfBflScQP6aCptkqV9OqWq9BdTRfYDlZ6ejoYW/+B1xvSxtRmYNZQBThlH9KuIYbK3a+R4KuOKOWLQm3xbHk9kevwg0DDfOAPx9tNo3MLEbSk09ovf2Hi2WOHRmtTkx7n9UUKCGwVwFh1hfZymnP1Z+Qrn6ez/kO6PpPFmpEaaJgpve4BHPQCUnc7krg59FvtYPW+gJaXr6qjmu+Wfgy3uYSEOx8jc4WYv+9rfIgYzZUNUor4zCisHqi29BYXfKHNYw7BfPkpdXNXMBOPNvtEjQieP6+ZTT27QtDWDn3y3AfQvVy4UGJtzZAYOfJiBLcciYS83FewhfIH4b3fvRlIP2mQr9vuUuqRKu4ZvbnQ9nkfSUCK2ku0FByQ8S2Wjp6557lVlWxbpziKYNo/8iRiIqiNX40MEgjfaLyNioWmg5tL8+OGwUoHjzhJlN7p1/PzsRwNwB9WbUC4tWZShuwjAYG7KfcoycNVBu73mBe5imGfTnPko5/kqooccdhKOLF9ZfbkKh2CW+VTGPRZAN8HzbRthuD1HNr7hkGKvM6aybSEmz6+cSfW1AiSwYzbDxxNR5f8x6u5J5gnfSu1TfoBhJjcwRvUNb9NcioHywXfYUctxMxIrYDyTb7L8uVL++/2HvRW0ou5dKf3LYAV9CE/xX/NiXf8xOn0Ft9+n/W2oKMhCjTNXc4RRWTkJWQE0LAjAWYQxwjfcDTmBFcO/ZjxusKG2vt3vJseCxUVcOQ+OajuaBYrV8XWKoRyFUjPnYQT2ZOvW8OjQimaaXIK5J6O2SCOBVwyQRk/lEmt8fnP3aWYJTx5FAP4MT7kIY5G7Or3uTq/exXPu9o8k0rFbVfkNXtZqCCo9NimbxmO1dFLdqfqnoEJaIRKjgNukh0dN1mtxKnPqSqcneUL4er5EBz3guSdNdciToK8I0rq+l6GBuV4hHs3B0tgdRnzVNU3gafMMLzJLYLskmUMw3KLp9kJ4xSrmgY108ZyYneUAydEbtyKuwRsgZAhzFD2IxB8oiYNIkbDHOb73QeKWYXtsZVDBWKbNEqdHzJ/cZtuf+7yW8rMaUtarP82D8N9H++5kvAYrr5GuOQCPiOaunzzQJ5b11oAPeVotIDvGBTSFm6pCduTiHqOhIJvG1naW5fOksUTzsh45HWDFKNIPIHJXa/MTjBgl8X9j9IctF0u8NxYVpPGv9U9avxbS3jKio6YVoKyOfccNv7Qnta8ESWPbbI0jwW+cRgMnG297n/Qw74rto3g5iZzdOY/m4NBvtwP/frIBbz6DxF8GFFoWEiE6nylw45A3zkYqGmeq3CGkRsKdW4KEl37p5rWy4h7VHqx9znhfVjujWqqfkt3Y5vi509gNGfyToOXaMXZLr/5qwAlz+5BlQkpt9ctmxsU7BprGbcc5zrPlEyzB83gbnBcrJRMtrm9lfkvwQBOCqTdYWcztMxig2/SZBT8TKy2MjeWv9RBsNqFeIoioPHiDD6b7ZxokC98GLpnhCNAurLFckyjJL45YekTJ6lfndkEl3udeG4q4catlVIreLxgtjs/m0XAfu9AT9CSfSiv0SY9jd5rV2ee9O+wYkiEnSNO4Nbi1g77boVXJpR8MhaysIfD176rinqOdu40PMmpAT1X5gF3tfhkZ7BYQqqha+yOMOocIFQ8PLcIjMlsbk8LGcF9h8lPq3kOzob8pNdkZH1mrPrC4J8GiIlSz3WnksXzj1qdFy8w7O1/AjqFAPmU1PSXsyoTI/DSvacFTiRDnU31HXXzi4aPyMQR3KlBPiH1x5akuDqzs8v4uqkBNkkEChkS73sLaU+L4RAIkvXUye4g7O3OPlKfYt3RXkRcRnKtbfGMR231l5En2kUMuvwvrIylakm5O1YpXw6a8JAZGrstjh3EqQsurn+2FJFF/GooH6yu8RZnSLdrYoedKdh0N/FlOMoFZt7Mh0VMFGdfh/Hs3uyVaZzLy+ucCdmzdlkjQ2l/4W9KGwNYo5wW0Y3SmhBfnG9kpxAjnRRnTmB6ByCcb46bwxRYQ4QMGzplQna2NBfSwLu+TYKBLeSUOZRpQA+E6lRSfQn1qPG3fWy6InqDRYoiHIKFfRXNs15M33gyv5UBZZ9PwAxq