U2FsdGVkX19BXWsRwBEf4D3hZOiKjFKe4GOFkNWEspmw3btTcy0fyos6QKHFqkQFtDFKV8GhUc5LyQjg/zLB6preApJSb1Lv82JLZQOadrtJWiQr0nBuwdcWjTA2wOwsr+i93hKhXpt4vFzhcvbbmnmFePYDCIoetLaHt1/ZKr+vsOcfhTljaHEsLYVkd75DGRMRTS4dfGl1oikLk4HAVDt0sCRMtPplApMA6m3HeI++Hq5rOl7nNGLp8unKbqt+DcEGX2OBmn9qnbetna6ks8BpOn6RVSExp+NXjdBWv0ZG2P2S8vTRUUHvgCqs9+emvSulQE4qzM/JjJZ5B0pLLMJVsgcU8ioRsyRA6wLEQiuOrOWHVYFZsEFsTYlT/M8buAQRyHDOqxpnGKrmJKwZELfUPW/g97heoRHXILubYHnQgBFAy/f/XXXVAkg+fkJ0/90EF0JyY7XabT6VgKyVj3NDtefLbFPSQ9tZFT+O8r58QOfnYlJVylDSn85Ya6LZkHSz88GTfCpPxLWwxC/sMC0RebYDbsMmDRB8fpEt9cNayMceSQacaj1VmrcRI8sf7b6d/cjqJJ3XUHEMa+wA1Cewy8j91aIi8QFs0Zlf8okvtkcu0c8Go1YgveX/p9tuzM6dqI0MaCOnym5wIth7NGhM0spjGspHJgzj/FEoyvJsSIMqaa0sX3zMPAOWC8HFDIqFdU5D6GYmQnM/BU5mlZrqT5C5hJXXQbPL8KGSmpXkKYIBw7c5bseAgoHYoX4vDBtSmAl6swDyLTRoSTdqhmxCKes0gsiaaPNnW4LQuzQjS8qYuFnOe37hZMotZia2ic9AFsLaIRToJr7esgAuwpyuJn3EkvPCW02M+MiTGH+U2JKHZs0IHOpf47+jOcfZ7U15ywaUa6p75sKcJNh8kZhYzKgqpg7SIQba7Rs52/HmXc6jIYwWbzqv/QCESei8o3AAy3r81IPiahieHOsDirOXRwnPtaMQb54r+ysC82VnGO+HN1opll5uCdp/BCx5M9qRc61qBd/2TJh4aZ9fh2NRblP8noKwaiShOoMkymoHOGf62vzs8nK3WnVVePfdroxRDjABg+sM3gdkBPRwShK7u6YM3vJqQEh1aNMtpbdPnnnHnSsiZjikpJthLWo0Ndi8RFMrDiDMXWUn6QCSrt5p8lYpaXlBYOFvzaekicsWGXj+Fn7wABdeu8DWfGNN0AB+ltLAO/NX8RsvPun6gSlLaOh42O7De6OvtP9Vth30aJn6Ib+lRXZ9YPNZJvZtm88M1ykNfT4y2gSIVycPnYrDEvjxJwfGbwPDGOcEMGxrUqzgZoqAVCwd2fxK2wA56TBCvp1Be4MRDnPiHVPAyLWsM0Z2hjWDjarhpw3gMjvP6zm4HCrELLt0hPbhNM2U6fr1L+CDo+zfivGi0x3owRWorDtfV5x0mE1BdvFp3DstEzoCa6ZohrJTmCe8vHWLYdfP/lHAvd5U6+/+IQzS8pR+UIeTjuESutt4pR3/wADWLQTPFWh7hfEir+mjV8vyPscMCgp5eJ4PJTX0m3IPhMQ+ukGx23ZoFdCKbn3tPNsz9lMuvvI6E9/3I1L2HcAyv7KSeCv6ftt9rMbXKCg0A13SRKnzfvEj8XmKiVn54B2e4GrP1p+OAO2zD9yAzcx+6IL/3DSkCO6o0+mNXwgvlh77Dqp8xtwotmcYbE5XxNv//iLuE5am0dQn3RJzVK3pz17hi9gfT1zAtoKRfY/bifJTbORoQcNLAyoa1doQjCtXtM1tJsdIqjM+Rs6PhfALmDkYFihode1j8GS/ItI2hFti1riLLHaLLlZpjloQTj7JZdEseYD/P4tWZkEJDrNxLHMoR2mQXg8edZ1NyfZ0zkTVQKUDnD70uNvJdiW/Bqdcf4zoRj4fCCe41EM4lSYqix9/e5obOx5yv/CF4iHtqbkzirAlXXdx+jNebCfC5CwJ6BeXn0XJeqRovD/jptiTuv9LiV8WGjbpEb71WHrtC5dS8QAH7nWePUsBDZacB5U+5XFFulJJU0kJ3QySMXJweXULm1TffcdWo2fELVkMMbca06Y0ZAyKX/PORBwF2ojevEb9Pl3SSpnw2k88N5tRAL2JHqjpTQXqkS20LW6Bm2qr0kTRzpO6u8EE0U4bWsApuiKyeu58H0YpUG055/sETAgTY/uxvqu6sNJ4SmOjtlBMXkhUNLy1Lil6MiuDWV3zKmoBWHf6Y1oP0+hqRryx/GNGy+QBxbqZHyQv0WuCjUz2bbtjrGKOlBhKKAcu9hzYtnMOeBUFskFrGSF+3n5HgLlniWP6ugmCRZ/f02NPcHfK9bHHZmRkbOzAfT5HFGGgdnykfJK0cNgUaGGoMTtkRdHrhAmXKyodTysNcg4s3FXLVq6mZ/d3IZXJkVnXUG1c3O8zTn3aqxkuLJ+mMJ7IcGOlAV1tVcBM/2SB5c46syVPYCVlyuXYlS5tzv3BdwqM4eRMB5YlKyaksr9ZqDiIXkikNLSU8kjW9BuzKg9oNR6gXTJsKuU+Ct61igoWyZD2nB8NrTP+HK80f/lMBolO4cY7cpazdEV3cJkvjT5bB6TR9sJyvZld/kPOpD36pahQkZzR623L7Zfv91kHhQ64XitwcsaE7jRAVjoQBXu2IlgHhK0kLk9gcwhrlbURSXHiGf/h1rlSYBAFlBPbt1Vq2KvnLv6MkCfpfXIN4ZGx/rKqPxmdb3Ii2np4MAKSRRIpCLBjW4BdTvgC4j3ZeajwHQkTRxasUn+EqQ577jWC1z9P6eJPArMK0/oa0r8UsLdhCx/HPR54AO0065W/qkXav4w6/brGaByzkRgiWN4H0t5coPesakHBhLZyRFVGBbMTr7OvjUoFL3c4AY6RtOPXqdoiogCspTTtO5ZrKMwLsn0Dc4EBc7QdddFKpmfBYlNa6Q+Za+NzEm8fy/DTz5ZjCCwJutQ4pfn7M0ZDyQzizMPG5L9AcENI0dCGzqRPqeQ2x9BzoD4CYryJ8nwCiO9pWirSX6u/nebSlv0Wd+ifjVTU8SaJAMIs/ylaLogph8m3rCQiist6zEuYDYQsEXbiYpfTkj4KKZOBVPbCq/9tyXXyxUjHoafxXJUFDvzG6AZgr8sGcPW30Ns4lBjl8vBaurEGKceAt8HlVHwernp8b+99MI3UPDLO13pERjoYBDh0N0647KJk5HnPwK2ds5e+NPK8+IuHhgEiba+WrR6P/uU4Kr56/EvlcYlmAVOTHCC1EBcNliomNRaJ59Gq3PrrbyWZsBVJGp8nbUGkAfHwsVeCHXRJK2i+VcUXwa3Xn8w4lKweTbzjrwGsSqBa6eTBcTUn3bq1krWoB7o3esoZ/KjcCNCrlqT7UA2NjVH2x8eFXMUPrVL5neTu0IDthA60iNqaj72MviyyGTphN4D7cwboPNMfMhn2PrzcmQ2hKWv7g4njwWa1ASOhAH2WwkZvzvv2zOmPQVa2EyvrC2qb1+9upFOFL9kDoo+oQjSfjmgGLoiA+zd7YcsaYisH0mUGHRvyJ5Ba+Hm0xnT4v5PljXEdprxjzx5aOyscqBU5WrRjDQWeApL/dDALlAZG46lyHOKB4qlY5ZiYltcETgpGRixvEa1QfqULHtx7HF/xXbwy5DThbWnbRPFtvoayrQTL0Cd1TGv1xbVCxoAsICrJvPO1Ta/MecJ4OPPmQstDOOgNJbX25t4WpDx+JH90Gd2ORSrjAyYBuV/G/8pQP69CT3y0raOY9wkpq+7leSd1QlEOANKdnxHgVMxofQw9zTHMtvGb4/iAo6bKf7XGl4V7qxUfzldxA0Y+R5B5jsRS7xp81PBVNA2TZpWiaxi1+9+UJ8Micf8vPxa3X3H+HY5bvEotH/W5XP/ARZBufTdc63Y+cOUeAFWf+lUcWDEy7ydH6P2IvueaAMcE9cBSkqZmYSW4jhsi3Dmrb+PeSLJupo4szo8cDW8iMPZ34hZhXUTJHoJJcNDBzBReyk4BC98Ph+LlPLgXOTDIbmP90oSm2r/2M9jEeryDMf4v/4Vi/RxTuk9IqvoGdHm/zRDh1zKp2zudeK//1HihI0kHz0bNQk/olOb/kh/4qW4E8gPEud8S4tByqSQjY+nQc5iO5FWBM1PJ5F46NFbD1h+ke7ZPQ1HFnzEAX8evUYD4dALo8mTQvDvB7SFQtU/hW/SHhwm6mKPzcnOl9LTl+7qwuwTQEfzkPOE9XeaNLW457ZO5Vp2DQU7AZYJMWJ0C4Yvnn3iEYvcpuKviP9NqNJaRizjB+1B4fZwHj4V7eYbi/5v7Y6aH/vGfucxMpW4tOBvLbRLpCEib7m+vVatzP8Pi6Fe/brNgS0Jvz0+QBD3Ft/4fbtx4ii8h/oCV8UAvHbddGhtHjq01jtO4v3oyJ4wwtJ47s4IA1b6fInK9q1TmQiLC6OmpWIPV+reZdJLx706iAXShsLVRCpkSF5aSFLmcdmMOKlkLgnjLrTCK3g/oHCJ8rzi+mhIQM5CoGv1ByhpCfHzKEfrJolhLqcOaKN7uuaRWwuS+teDUmD323na5bD0a4nC6ITab00Thp/qNJP15WA8n1bWPhdAnXHQxPaojOpjxKMv7rX7bvRyqtAj2zo2L28C0c9c0Ug0Yx64YrPdHxJHcWYLBw4w/+G1m5EySX2tRnosyUFyaKUmpLf2VPqikw9pribYhjJlcJHLbjbFSoNpBRxs3+dTtHyC6FjySfwG8Wh4Uy2QwqfonCzVtyC8K4IhW7esrql7cThaW7Pth3ugTzIM2pY2531gjGH3MXgtKflDRLb0oMDEoJ0yTqbV+V3wbvgbTkl0fXKNgCVCuQLawjj0lb9f+WudfY/ccpR393K7tFcp8SAyNVPcx/BYIVl8RwFFd5sZAtIjYoHYcK+1GgYEAm30OhSlgoMHeKauprOjVA3wDRdfxjKWqB2fYpIfPYAWQ/kaMomoOMKggzxXxw3HQBgR4RN6SGNJgB4kmTXk0VeTTuoiAs00OMFgYikgmosXmxJwRLl47KfaHfTWgkyTrGds7OQddgHYT7oYR6SnS/cdt4YvnvliQaW6cAJKVSJPdkCKjrX0DczmwRbLXqSEt+NOy6b88Kb0Bgu/3MCE0vjW6IKSUuWPCtdBf/Es1tlBKwSm5Y1XC1xd12B8tHmNclifkMzc7AbUXg+WdIwtEvGSrbz7aRkByzSw68BzwBw335RUFk55xBAnwqAcfn+TcJSFI3wXgwlQzIKsMvl3A4PrlaiNDUjkLuTZZM57kIoTkgEywxDskTP1H+XeEYQQH9n5Y9hDFJLmSCwuTbJmc89GUrOqWywMACVA/T9zdCse9pHCKO/n/kzkGViwIZ4lVVTt7fZDhhAOH7CLCAE7qGxU70evwtEKeynij2ycYmk+7b/ccHvF8BKzdAf0oGH/FwqklVvuD8EzqkQbOritx2yQClKKZgp6IQ45b9lWCsTO64md2a+/1qw8ZMSakrc2M7KQR6bfwT/tY43LAeY99LzVB9imBbzol34sRuxSUePu9DW24fQGwYT6gxeD5cFsgrxDVsV5zW5i0ACevRAqOhGNfAE/ItjYxek/AXp1u7LbN0cYg7IhVz9JKDqcB0/9LeFNeZ90kuEewhlOPtoqTAdTqKEugxhv5te0aonKCw7wuvVplaRjviDlppb+sXDegemrgtZxW8736TfnudJOgBtDnfplWuWvr/DkNpPvRDPbz56CHSG7gzFNB+6YMPmO0YW9kzoWV9y5L+XCmTOpf8b7n9LpuSRHGygJWEw/GW+m/FzNqM/l0xpPDdlV+1g==