U2FsdGVkX1+bILpnbKle34ki+3O4+uWnynYr7UxLz3oIQjgtF6cYzyrKeNMcc7QMROoaqs4yrryEySyFs6QXK68cw7z4+wqU4Z7fIepDr6HWCrOH0zrQ24a7HoL77rmGGOz4dc4deLP/KxLWxFXHPrW390JmbSUDMjeZwBhUVb5dZVlFnexsv667b8XlysrMymQjDHftF7Rnkp/W4ZhsC0J3yPaBGGXjPfHydQCAI5QZz0zHaGkXwrOdfK1Qd/wcaemhpZ+Be/++zK35xgxBnZR2yFgW7clnvXJgyRwxl+7kAkyma9Yqs1RagXB93M2mYkveJk6ZRMcibLxXrziezX9NwbF7QeTNmCX2vseSA9huTLunriEh2HLdDYPIyJb+GnYs9kGBedSNu5dh3EfXnLChQD6qHumXDxn7ch0+bqitP4zUbRUa48zU4VBQSGX5G2Etz35uDoN4Lql7G3rOTw66d1l70MdtKxSaj0lM91nRdPwNrfcph8XNQaYF1MdynwOxDULzapoK0peUhWfv1tqgJxDApOuRk4On+xsWoXWJnOeU1k7SDVkeeORQLBQdTpx/f3+/rrDDX8YGq7PEGwaoA9QAjHyT0hxiFcrdf28xte26u5uGO0u2VHkDwu2CGnQclY3WGZXrVy6Zobm878tU5ptAQZW0AwaX3EdPO9Fe5Wy/Y0/0HMoLv5jjrlqTf4E2ZhZx9uXRRF/1ak19Pw/yLxhPJtIaH7IhKRA3BETfS1hLgYuqIH9YKmn9GhuiQdijpmtIDfWxbiNzZy/icDOmboipjZZ5dhBcHn9Q7CixqikI7WvVg1encdPeaism1NvA0QR7fX3Rp3v6cuQf6ywUUhwcsnqU8Vjy8lSD+JM1scRJUFlpYwzo2vR70lq3OouK722uuJPfPIXMBaqLVrzbmMZy4NpVafvOYUaUd5Z36ZK4ubTSEtvoYqPg62AbLAcekk5rQXTiVYYaf0rBYmveF6OgJQ1RH/lXOdIDqDrkZldh1kyYDIKxJFL51lGKTZaLP6G9vgVwg2ZXnbn3gtWG5MW+O01atnPgPFWtks4s4754Ml+2C+gK2QJKfyRyUvrCfwxIOGQoSjYxV92TNtttLSP3XsV/XBDsLt5Kam/FkVoc73m/oaApZGKa1MQ/g55aMMDtWPTmhI98EqG0DHCd9alN/sGS2AJPPLX1u/qC/0BtpXUzSfePh2pSYriu6cbXU0L+WyvE70ujmnFBGUxv9YAAKVLbXIkBNe5dtO7uP116Z7fBoSP9pedHF6LuPKKnAeb4MEgoMwr4IANHtyhUvjG6AFHojNCBDyF3NfZY5yVPHjgW0PiUVOq0p6oDkgI2Wi4R09xGEB7wV/hcgYnYPzoTtMnaTYne5dcjtuFNoWbNxYZgZ4cu+bKvVMRXoaPkTyp2wnzqZ+faCTKqShhCVzAjLLyQxpFsGuI+PvR4mfuG35sHa8wljgtlooUNVKqo6IbiRObsHF8dWbbi1dqG+oz6eNZOxWuhW9FRxrmjWH7YVKEs2r+lvhD+NKE0PYLfbz/61RKhSWkL0ViJVxHtR0iAnimoK3Xv0lKzbQtUXok1U/aTEZywI824gNnzZMoE4bgOXEfGZ/92oha46TJqbbGNeGEW9tlkmGUzeyjKW7vm/7qkseDyygxR+TfWXuqBSO6sDlbUbOWs+Z89Tptv245OKfeqY4HdEvoz6RFz0KE24GPgVlecnr+NxtdSi2YGTsCr1H1U29fqOsR00JLqUcAXJscZKAjXeease11ChGbAYISDHfoRWX8R5+SfSx4W69RWidIzUaEwMHJNr0NqNWzQ4aDX5b9J3MYrAwYjzvq/T4HJ84+LyIgmL0nfGoTM6aTwYFfWrnoJWp8bIAiVq9+5xC580AztD7jB+IUZVjCGPAlzrikAyJzWFAl+TwR5RXTsPW7BnUxovRbNnSLwArb8PqreFAW6bTCktLElWGpQcY5yN4OHt7F/T/FSy/hBevya3Tu8Ji0WieZfKMpTfom3ov8LlFDC/N+U5YWdwnroHJY8QPVn+Dw5NQfazf9M3Y5oMvhj2RQCN3fyUVTZQnDo6yTLa0sLBLS5fQmhS9VWDHYlHVOKmrS0pnBkxZ6VQQoEM2pLe3WwkIRBMW2eM8aYnNJk6iAJ+gUvtv+NANLM+f9fbb6Bzw6FsM6zkCfLMHXdCxB6r3ArfXidN+oGWzzD7+vhrB2e2lEY+wxFBbqfmEwaFDEt3sJufg64OsmU1wiBg4C4XTsuAyTxlBazMQlLDo4cXgEpHpyDVnYk+By23mU+Fu5PFu0oAOfglH5Zqjj5mNixCxe5eeA/PYSGEGQZ0p6U7G9WyKuPnA4wGFpzvHhnPyPRaK/RfJ2wB8qqH2CTWJSWf78lDJhM4VQj5xaYfUZlIsj4dndehXlyz7xg2WMdV2hJ3PbNFIMEm/14jy/xb816TXxyk6qUUZAm4IXZBoXgPcHE460Y0qMd0c4yp8kzXVelF6fUGfFumV3jXNR4haGd4DP1RvZUB1L31JQ2oqVj7Yuo72MbkIUqFat4Y1iuzTEDCT0Fjj7MuyV5zkp7YK1tOf9i0DeGFksc2Cz1zN5SnGfGOspuK79ztownTilFaEiZES3o8xg1OIOYGm2jTiahQBGIUJpnV/sngjDiyGJkYS808GDilQVcUIPb+e2AjwnHvxMI8Ju+RPUDHPdn2FFBcZMoFyWfWDjLEkjaMcfLnzJXLBU5mzo91EcQk3EbpGHI2IgFDEyHPtul9afnLS9Qe+6C5Koc5+UshIrAmwlGSqxovhvBXsWy+hJLGXxXLN4tJMeOty01q2+hn81vMYxLWlgce3PC4HzJYUTrBZiTopazZDfJ29j0U8/13dke7mua9x4rA+nRJXaLBpqJTcVEIKlQa6o6sqO8oBzyUkLJHk3648eo2Hu8yhp8ohIwGkhOYg060XU5rD4F1Cj5ARrD7n3GQTELcLIvTanUhaMYL27PFSmM1sKVhIGDfuK0PmfkxCs4Llqo/PKMsSwo8W5djejA8KnAbZFgaWq62I9K8WbRg/qeo5uFkNqeLU40f0+74lsU6a28n9t4XNikZbPwnhzcYXgHAa5ehKLqsmOXNGYACs2LzRw/9fa1slzApSXFXitaHHIg58W65es008F7qCrfG90imPUf/mvpXHt3eMlMWUTM6A8I4jLCeifR8YdwVtkMDWGL5GWa5SipctDXNAWXDzImp9X7SLiYS8yZqqBjaNVS9cmZbNtC7pD3R7Kn+CVakb9woPKCKxOLic07zxG92UfJRMRDqjbKv9XyRIkfaogTCaPEo0W+4iynBscz/P8ZKWb3BI4cTtrGAU/YiV0sy5HexEwJOlHZ4iC5bXzMMwP32398/6A+dD19G4KAxTlEUvXk4FLQvvteh7kgcizRHby9Zuq3ntPakUD41z6WNr3ISIoPCC8TkkfLPQEfac4aWEiur87uptU5BmaXNx3xAiqn6PLHQStjEaXI2u/wWBYV4L8yhjxWSjI3W+gP+ny2Y8gG0AdoMAtEDprqsvx2BH7Cg/JxfbwwTzJR9M9Wj9ASpDbxPrtB7D0b8oQuhesANV2Gu5Ypu2xv/PfhtoPJALb0yWa8V8w5byOzwvt5P6ysGtCapBtXJrNnUpr4sP3DObVwT686KkD9gOqCIPlKNbXh1uhtRRYHrjm0mMMt1xevey3Kl97g3cFwbKqABAFy8R0cGCtxgn2BwuWZNfSfaPaisBdBLVtIpzIDwodWm3VUqJ6axymYnP8C6FtMuEbNXM2mEZvdR2NslIySUkNGZyv3nayZmkhYp4w/aGoUAtHxDHexhXBfj/xeXpMBXI3gg3nx8Y4CGrwWw0bTEQb8l6dn8/4IAEnvW3F9B739H0dbb6slbxmb8w7YuWY/dRfjDj+HKbTU0TaCpxZbL1MEilc6w8AmGD0HsxMETIklYog/9x1WL9Wqp3gmNq2EKWu276w8XoWcXnTw2aClvSCXsAdCUYAAe3X1BmWZNBs1j54eeYmCeQ8OQ6SxmOEoNxdF/hHl9DCwMZeCiGQjv5NSloSeXuBimGZr4qhxDOMm201c963PVJ1skaGEj1iQi2q029y/ECzHpAxz5+d8GUhOZrXxQ+Pw1OuIApwCJKLCnd8ub1+jmjhIUrBUdMIZgoBBHuenZ9VB95E8rpYVWEPwBPHT0rHJXCc2vwMtFoGxgIyeg9vlvM/NMuiN35kn1LgClp7GqpoVtbE9Mb46SG3t5tKy+28atAbdDFUKyk56ZACkJ4zHC3SS3vwikWen6kDcKYJCk2v8gbtpKXN9AC0DtaovoN6ivcMjM3QD7Qst9IBD45hzgzQWsamzshDsHd67U0FswRaV5exh3tl5gjCjeiHQzxZrUJoRbzLxCZTRSum8W67C7/QWKTDTGKpTV1DMxlIKjR/KdKFtZtvL+DnLuwKjxm+0B41hy6Ct6iSWPSJvjWpd461RrI1D0jk3XYpcDOgDnMab/C1hZedElsqN8xYmIU/cfZuQrpU79Au4ztKFhY1lzRPL8/C5i7+Nm5ifSnHKG9e6couxeUp8ZHpjXeLWsF9Wk2F/bFwrmvi+sc4xXYd+Tof3koqbsY10jFu/cgVyAwW0bEgUkPzE1SCOomOwEdMQLV1ptYvDUN1ZU/JhGoOW2hmZUP6Ez7O3YoDLiytrWaQa/BGQ0Hpd7zBGZXjuxvOGcXOlpeBYtxWEFGLTTFPOluIe2SndebRjlOJk+bVj7VWkGzhwQtf+JEKZ8BoJJEm1KDz2FsfYyux/aG9vG1OewudmvJu7wgvi3S5chBPoOrVw2ZOapWZSvprOxPM9ZyZcQSIoOKuT2/YsMHO5BbALd8YPraQRqLdqMUsoiT52kx3qqQmaQXd9mzDxTfOOCI3ttpNDOPkbNxOCp0HYbDO3lJP1Vaj2gNjo18MTYuTZbRPo1P7XlHlJtUaPS6bhN6LsfP9ocenTvy244OibFJf0ZLetk2KocobVOoAiFpFQrwhaLfc3wp6w797Xav3QN1JwLUnot90idQcnGv1dQK1K7U83veXTyZ+rXoIeZcxsFdA69mrthYtoWoiyalxCklgkOk/ZuePCusEsVqIUR/Bxws9gOLqTxJ0CxJhM+oWWxTSpxBbnvykKHCAQGlgtxigKjYMnxWyi2hl5TZTMJgt+2ciN6YNOYgPSMgU4edRqIK2ZZ12mtOUK96GZceqfSbZqfQS0jagOQlMQh4a1fUD9BDXpXiNwl3//Kd9JjRq+gOdt+fa2V1dgTPAz9i8AH9sNKf9ZEcyPMbqlzBgrOmSqIwaOB6EkCQluh1hpchIl67XZAkZ/pSverSZ32sz7J48cAAR8uy0R6mbw7g/1o843fadJ6d2SBFeKErjIYvKEzFAuJCYb2lBbrV7ogtcYGsCH6cirWngx9N1/HVHpNYtxRdHLn02WUkIwve4nCjcWtiQzl/uQr7rXW0XCo0cn3IIAra4Zi4NM+PbWcPsguOfk+t8P8S3fdzaYDbd1SWRK6VEDBNKqvpk5dGBGAooygm4RRaigc5UpHr8lkX4LN+BIJhZB8unCFJGE14H7kgUsN2UwSCjZNUNVHV3n7xgyzwcLjmZ/ayJZXBulcFkStitrlrTNXV+HQ80nBAFOfNX2ivzIKzjDYFtKyM17VxRssg7nyt6j0TUq6ztY/9BXyqk1Ty9OF4eKdzOXIL7BB3rMotjoEjIrglC3LZhKNsZILSrzMs8wRkclZftlppyrMSUV5KqYTDpgNDd5iYXv9DGzunSW2EO0PJuQqniU+DKdhV7mSiJILxp7x8yLWocheAOwIhCCegEgHh14FWuB152YG3lluaBF6eFbGZ6rY8IpWx9yAvC+BKRGPDG42+Ag2KlVsJi/20iPqykeKAh6PI+9XldhM2GvT1FqqWgK1URyNH8E7l4ZQgAGAUX5x3Vm8ogtQtncw67I6flr0ckj6xd+Jn5FZO2Fwt+rkjl8sTU+grLVxp7BPYokSHnPqpP9MXcBRbFJHw+pLIF9/pRRM9pr6fjLpvRkTnmt5OE4LIGqC2cWqdwuUMZ0GBhMFWuNHsE=